
Microsoft Visual Studio Solution File, Format Version 12.00
# Visual Studio Version 17
VisualStudioVersion = 17.5.002.0
MinimumVisualStudioVersion = 10.0.40219.1
Project("{2150E333-8FDC-42A3-9474-1A3956D46DE8}") = "src", "src", "{6C718F33-0103-476B-8B9D-E79164492319}"
EndProject
Project("{9A19103F-16F7-4668-BE54-9A1E7A4F7556}") = "protoc-gen-twincat", "src\protoc-gen-twincat\protoc-gen-twincat.csproj", "{B494A36E-4CAF-4B11-BDEA-E746521FE0A9}"
EndProject
Project("{2150E333-8FDC-42A3-9474-1A3956D46DE8}") = "env", "env", "{542656EE-0F2C-48A5-9D8D-D93700B097CD}"
	ProjectSection(SolutionItems) = preProject
		.editorconfig = .editorconfig
		.gitignore = .gitignore
		Directory.Build.props = Directory.Build.props
		README.md = README.md
	EndProjectSection
EndProject
Project("{2150E333-8FDC-42A3-9474-1A3956D46DE8}") = "tests", "tests", "{1A69F7CF-1241-44EF-8DA5-FE662F73C325}"
EndProject
Project("{FAE04EC0-301F-11D3-BF4B-00C04F79EFBC}") = "protoc-gen-twincat.Tests", "tests\protoc-gen-twincat.Tests.csproj", "{17E00F18-C9A4-4F4A-A350-7A6023A0D487}"
EndProject
Project("{2150E333-8FDC-42A3-9474-1A3956D46DE8}") = "proto", "proto", "{581EA80E-076C-4578-8383-F56DB0C236E3}"
	ProjectSection(SolutionItems) = preProject
		proto\example.proto = proto\example.proto
		proto\tchaxx-extensions.proto = proto\tchaxx-extensions.proto
	EndProjectSection
EndProject
Global
	GlobalSection(SolutionConfigurationPlatforms) = preSolution
		Debug|Any CPU = Debug|Any CPU
		Release|Any CPU = Release|Any CPU
	EndGlobalSection
	GlobalSection(ProjectConfigurationPlatforms) = postSolution
		{B494A36E-4CAF-4B11-BDEA-E746521FE0A9}.Debug|Any CPU.ActiveCfg = Debug|Any CPU
		{B494A36E-4CAF-4B11-BDEA-E746521FE0A9}.Debug|Any CPU.Build.0 = Debug|Any CPU
		{B494A36E-4CAF-4B11-BDEA-E746521FE0A9}.Release|Any CPU.ActiveCfg = Release|Any CPU
		{B494A36E-4CAF-4B11-BDEA-E746521FE0A9}.Release|Any CPU.Build.0 = Release|Any CPU
		{17E00F18-C9A4-4F4A-A350-7A6023A0D487}.Debug|Any CPU.ActiveCfg = Debug|Any CPU
		{17E00F18-C9A4-4F4A-A350-7A6023A0D487}.Debug|Any CPU.Build.0 = Debug|Any CPU
		{17E00F18-C9A4-4F4A-A350-7A6023A0D487}.Release|Any CPU.ActiveCfg = Release|Any CPU
		{17E00F18-C9A4-4F4A-A350-7A6023A0D487}.Release|Any CPU.Build.0 = Release|Any CPU
	EndGlobalSection
	GlobalSection(SolutionProperties) = preSolution
		HideSolutionNode = FALSE
	EndGlobalSection
	GlobalSection(NestedProjects) = preSolution
		{B494A36E-4CAF-4B11-BDEA-E746521FE0A9} = {6C718F33-0103-476B-8B9D-E79164492319}
		{17E00F18-C9A4-4F4A-A350-7A6023A0D487} = {1A69F7CF-1241-44EF-8DA5-FE662F73C325}
	EndGlobalSection
	GlobalSection(ExtensibilityGlobals) = postSolution
		SolutionGuid = {2E5E1F29-4CED-4FDE-B55B-F176BBADDF06}
	EndGlobalSection
EndGlobal
