
Microsoft Visual Studio Solution File, Format Version 12.00
# TcXaeShell Solution File, Format Version 11.00
VisualStudioVersion = 17.7.34302.85
MinimumVisualStudioVersion = 10.0.40219.1
Project("{B1E792BE-AA5F-4E3C-8C82-674BF9C0715B}") = "TcHaxx.protobuf", "src\TcHaxx.protobuf\TcHaxx.protobuf.tsproj", "{16063DA2-11FB-41CE-BB55-4788626E46EF}"
EndProject
Global
	GlobalSection(SolutionConfigurationPlatforms) = preSolution
		Debug|TwinCAT OS (ARMV7-A) = Debug|TwinCAT OS (ARMV7-A)
		Debug|TwinCAT OS (ARMV7-M) = Debug|TwinCAT OS (ARMV7-M)
		Debug|TwinCAT OS (ARMV8-A) = Debug|TwinCAT OS (ARMV8-A)
		Debug|TwinCAT OS (x64) = Debug|TwinCAT OS (x64)
		Debug|TwinCAT RT (x64) = Debug|TwinCAT RT (x64)
		Debug|TwinCAT RT (x86) = Debug|TwinCAT RT (x86)
		Release|TwinCAT OS (ARMV7-A) = Release|TwinCAT OS (ARMV7-A)
		Release|TwinCAT OS (ARMV7-M) = Release|TwinCAT OS (ARMV7-M)
		Release|TwinCAT OS (ARMV8-A) = Release|TwinCAT OS (ARMV8-A)
		Release|TwinCAT OS (x64) = Release|TwinCAT OS (x64)
		Release|TwinCAT RT (x64) = Release|TwinCAT RT (x64)
		Release|TwinCAT RT (x86) = Release|TwinCAT RT (x86)
	EndGlobalSection
	GlobalSection(ProjectConfigurationPlatforms) = postSolution
		{16063DA2-11FB-41CE-BB55-4788626E46EF}.Debug|TwinCAT OS (ARMV7-A).ActiveCfg = Debug|TwinCAT OS (ARMV7-A)
		{16063DA2-11FB-41CE-BB55-4788626E46EF}.Debug|TwinCAT OS (ARMV7-A).Build.0 = Debug|TwinCAT OS (ARMV7-A)
		{16063DA2-11FB-41CE-BB55-4788626E46EF}.Debug|TwinCAT OS (ARMV7-M).ActiveCfg = Debug|TwinCAT OS (ARMV7-M)
		{16063DA2-11FB-41CE-BB55-4788626E46EF}.Debug|TwinCAT OS (ARMV7-M).Build.0 = Debug|TwinCAT OS (ARMV7-M)
		{16063DA2-11FB-41CE-BB55-4788626E46EF}.Debug|TwinCAT OS (ARMV8-A).ActiveCfg = Debug|TwinCAT OS (ARMV8-A)
		{16063DA2-11FB-41CE-BB55-4788626E46EF}.Debug|TwinCAT OS (ARMV8-A).Build.0 = Debug|TwinCAT OS (ARMV8-A)
		{16063DA2-11FB-41CE-BB55-4788626E46EF}.Debug|TwinCAT OS (x64).ActiveCfg = Debug|TwinCAT OS (x64)
		{16063DA2-11FB-41CE-BB55-4788626E46EF}.Debug|TwinCAT OS (x64).Build.0 = Debug|TwinCAT OS (x64)
		{16063DA2-11FB-41CE-BB55-4788626E46EF}.Debug|TwinCAT RT (x64).ActiveCfg = Debug|TwinCAT RT (x64)
		{16063DA2-11FB-41CE-BB55-4788626E46EF}.Debug|TwinCAT RT (x64).Build.0 = Debug|TwinCAT RT (x64)
		{16063DA2-11FB-41CE-BB55-4788626E46EF}.Debug|TwinCAT RT (x86).ActiveCfg = Debug|TwinCAT RT (x86)
		{16063DA2-11FB-41CE-BB55-4788626E46EF}.Debug|TwinCAT RT (x86).Build.0 = Debug|TwinCAT RT (x86)
		{16063DA2-11FB-41CE-BB55-4788626E46EF}.Release|TwinCAT OS (ARMV7-A).ActiveCfg = Release|TwinCAT OS (ARMV7-A)
		{16063DA2-11FB-41CE-BB55-4788626E46EF}.Release|TwinCAT OS (ARMV7-A).Build.0 = Release|TwinCAT OS (ARMV7-A)
		{16063DA2-11FB-41CE-BB55-4788626E46EF}.Release|TwinCAT OS (ARMV7-M).ActiveCfg = Release|TwinCAT OS (ARMV7-M)
		{16063DA2-11FB-41CE-BB55-4788626E46EF}.Release|TwinCAT OS (ARMV7-M).Build.0 = Release|TwinCAT OS (ARMV7-M)
		{16063DA2-11FB-41CE-BB55-4788626E46EF}.Release|TwinCAT OS (ARMV8-A).ActiveCfg = Release|TwinCAT OS (ARMV8-A)
		{16063DA2-11FB-41CE-BB55-4788626E46EF}.Release|TwinCAT OS (ARMV8-A).Build.0 = Release|TwinCAT OS (ARMV8-A)
		{16063DA2-11FB-41CE-BB55-4788626E46EF}.Release|TwinCAT OS (x64).ActiveCfg = Release|TwinCAT OS (x64)
		{16063DA2-11FB-41CE-BB55-4788626E46EF}.Release|TwinCAT OS (x64).Build.0 = Release|TwinCAT OS (x64)
		{16063DA2-11FB-41CE-BB55-4788626E46EF}.Release|TwinCAT RT (x64).ActiveCfg = Release|TwinCAT RT (x64)
		{16063DA2-11FB-41CE-BB55-4788626E46EF}.Release|TwinCAT RT (x64).Build.0 = Release|TwinCAT RT (x64)
		{16063DA2-11FB-41CE-BB55-4788626E46EF}.Release|TwinCAT RT (x86).ActiveCfg = Release|TwinCAT RT (x86)
		{16063DA2-11FB-41CE-BB55-4788626E46EF}.Release|TwinCAT RT (x86).Build.0 = Release|TwinCAT RT (x86)
		{7E68FD78-ED74-422D-877F-D2F900C5F9EC}.Debug|TwinCAT OS (ARMV7-A).ActiveCfg = Debug|TwinCAT OS (ARMV7-A)
		{7E68FD78-ED74-422D-877F-D2F900C5F9EC}.Debug|TwinCAT OS (ARMV7-A).Build.0 = Debug|TwinCAT OS (ARMV7-A)
		{7E68FD78-ED74-422D-877F-D2F900C5F9EC}.Debug|TwinCAT OS (ARMV7-M).ActiveCfg = Debug|TwinCAT OS (ARMV7-M)
		{7E68FD78-ED74-422D-877F-D2F900C5F9EC}.Debug|TwinCAT OS (ARMV7-M).Build.0 = Debug|TwinCAT OS (ARMV7-M)
		{7E68FD78-ED74-422D-877F-D2F900C5F9EC}.Debug|TwinCAT OS (ARMV8-A).ActiveCfg = Debug|TwinCAT OS (ARMV8-A)
		{7E68FD78-ED74-422D-877F-D2F900C5F9EC}.Debug|TwinCAT OS (ARMV8-A).Build.0 = Debug|TwinCAT OS (ARMV8-A)
		{7E68FD78-ED74-422D-877F-D2F900C5F9EC}.Debug|TwinCAT OS (x64).ActiveCfg = Debug|TwinCAT OS (x64)
		{7E68FD78-ED74-422D-877F-D2F900C5F9EC}.Debug|TwinCAT OS (x64).Build.0 = Debug|TwinCAT OS (x64)
		{7E68FD78-ED74-422D-877F-D2F900C5F9EC}.Debug|TwinCAT RT (x64).ActiveCfg = Debug|TwinCAT RT (x64)
		{7E68FD78-ED74-422D-877F-D2F900C5F9EC}.Debug|TwinCAT RT (x64).Build.0 = Debug|TwinCAT RT (x64)
		{7E68FD78-ED74-422D-877F-D2F900C5F9EC}.Debug|TwinCAT RT (x86).ActiveCfg = Debug|TwinCAT RT (x86)
		{7E68FD78-ED74-422D-877F-D2F900C5F9EC}.Debug|TwinCAT RT (x86).Build.0 = Debug|TwinCAT RT (x86)
		{7E68FD78-ED74-422D-877F-D2F900C5F9EC}.Release|TwinCAT OS (ARMV7-A).ActiveCfg = Release|TwinCAT OS (ARMV7-A)
		{7E68FD78-ED74-422D-877F-D2F900C5F9EC}.Release|TwinCAT OS (ARMV7-A).Build.0 = Release|TwinCAT OS (ARMV7-A)
		{7E68FD78-ED74-422D-877F-D2F900C5F9EC}.Release|TwinCAT OS (ARMV7-M).ActiveCfg = Release|TwinCAT OS (ARMV7-M)
		{7E68FD78-ED74-422D-877F-D2F900C5F9EC}.Release|TwinCAT OS (ARMV7-M).Build.0 = Release|TwinCAT OS (ARMV7-M)
		{7E68FD78-ED74-422D-877F-D2F900C5F9EC}.Release|TwinCAT OS (ARMV8-A).ActiveCfg = Release|TwinCAT OS (ARMV8-A)
		{7E68FD78-ED74-422D-877F-D2F900C5F9EC}.Release|TwinCAT OS (ARMV8-A).Build.0 = Release|TwinCAT OS (ARMV8-A)
		{7E68FD78-ED74-422D-877F-D2F900C5F9EC}.Release|TwinCAT OS (x64).ActiveCfg = Release|TwinCAT OS (x64)
		{7E68FD78-ED74-422D-877F-D2F900C5F9EC}.Release|TwinCAT OS (x64).Build.0 = Release|TwinCAT OS (x64)
		{7E68FD78-ED74-422D-877F-D2F900C5F9EC}.Release|TwinCAT RT (x64).ActiveCfg = Release|TwinCAT RT (x64)
		{7E68FD78-ED74-422D-877F-D2F900C5F9EC}.Release|TwinCAT RT (x64).Build.0 = Release|TwinCAT RT (x64)
		{7E68FD78-ED74-422D-877F-D2F900C5F9EC}.Release|TwinCAT RT (x86).ActiveCfg = Release|TwinCAT RT (x86)
		{7E68FD78-ED74-422D-877F-D2F900C5F9EC}.Release|TwinCAT RT (x86).Build.0 = Release|TwinCAT RT (x86)
	EndGlobalSection
	GlobalSection(SolutionProperties) = preSolution
		HideSolutionNode = FALSE
	EndGlobalSection
	GlobalSection(ExtensibilityGlobals) = postSolution
		SolutionGuid = {271C0984-A749-4BB1-B113-BDF507C0C3A2}
	EndGlobalSection
EndGlobal
